
Microsoft Visual Studio Solution File, Format Version 12.00
# Visual Studio Version 17
VisualStudioVersion = 17.11.35222.181
MinimumVisualStudioVersion = 10.0.40219.1
Project("{FAE04EC0-301F-11D3-BF4B-00C04F79EFBC}") = "2024_10_07_J_doga", "2024_10_07_J_doga\2024_10_07_J_doga.csproj", "{27056ABE-118F-45F6-BB55-4FBD6CDA2210}"
EndProject
Global
	GlobalSection(SolutionConfigurationPlatforms) = preSolution
		Debug|Any CPU = Debug|Any CPU
		Release|Any CPU = Release|Any CPU
	EndGlobalSection
	GlobalSection(ProjectConfigurationPlatforms) = postSolution
		{27056ABE-118F-45F6-BB55-4FBD6CDA2210}.Debug|Any CPU.ActiveCfg = Debug|Any CPU
		{27056ABE-118F-45F6-BB55-4FBD6CDA2210}.Debug|Any CPU.Build.0 = Debug|Any CPU
		{27056ABE-118F-45F6-BB55-4FBD6CDA2210}.Release|Any CPU.ActiveCfg = Release|Any CPU
		{27056ABE-118F-45F6-BB55-4FBD6CDA2210}.Release|Any CPU.Build.0 = Release|Any CPU
	EndGlobalSection
	GlobalSection(SolutionProperties) = preSolution
		HideSolutionNode = FALSE
	EndGlobalSection
	GlobalSection(ExtensibilityGlobals) = postSolution
		SolutionGuid = {89FA29CF-47DA-44D1-A454-0D00142412C2}
	EndGlobalSection
EndGlobal
